
Microsoft Visual Studio Solution File, Format Version 12.00
# Visual Studio 15
VisualStudioVersion = 15.0.28307.1209
MinimumVisualStudioVersion = 10.0.40219.1
Project("{FAE04EC0-301F-11D3-BF4B-00C04F79EFBC}") = "ComicBookGallery", "ComicBookGallery\ComicBookGallery.csproj", "{64A70A44-9794-4915-8013-47C2EDAA68EE}"
EndProject
Project("{FAE04EC0-301F-11D3-BF4B-00C04F79EFBC}") = "ComicBookGallery.Tests", "ComicBookGallery.Tests\ComicBookGallery.Tests.csproj", "{65F1702C-ADFD-4644-AE75-8F87731B06B7}"
EndProject
Project("{E53339B2-1760-4266-BCC7-CA923CBCF16C}") = "docker-compose", "docker-compose.dcproj", "{6DB0F924-9D9F-4217-9B9B-ADAAA40D7E10}"
EndProject
Global
	GlobalSection(SolutionConfigurationPlatforms) = preSolution
		Debug|Any CPU = Debug|Any CPU
		Release|Any CPU = Release|Any CPU
	EndGlobalSection
	GlobalSection(ProjectConfigurationPlatforms) = postSolution
		{64A70A44-9794-4915-8013-47C2EDAA68EE}.Debug|Any CPU.ActiveCfg = Debug|Any CPU
		{64A70A44-9794-4915-8013-47C2EDAA68EE}.Debug|Any CPU.Build.0 = Debug|Any CPU
		{64A70A44-9794-4915-8013-47C2EDAA68EE}.Release|Any CPU.ActiveCfg = Release|Any CPU
		{64A70A44-9794-4915-8013-47C2EDAA68EE}.Release|Any CPU.Build.0 = Release|Any CPU
		{65F1702C-ADFD-4644-AE75-8F87731B06B7}.Debug|Any CPU.ActiveCfg = Debug|Any CPU
		{65F1702C-ADFD-4644-AE75-8F87731B06B7}.Debug|Any CPU.Build.0 = Debug|Any CPU
		{65F1702C-ADFD-4644-AE75-8F87731B06B7}.Release|Any CPU.ActiveCfg = Release|Any CPU
		{65F1702C-ADFD-4644-AE75-8F87731B06B7}.Release|Any CPU.Build.0 = Release|Any CPU
		{6DB0F924-9D9F-4217-9B9B-ADAAA40D7E10}.Debug|Any CPU.ActiveCfg = Debug|Any CPU
		{6DB0F924-9D9F-4217-9B9B-ADAAA40D7E10}.Debug|Any CPU.Build.0 = Debug|Any CPU
		{6DB0F924-9D9F-4217-9B9B-ADAAA40D7E10}.Release|Any CPU.ActiveCfg = Release|Any CPU
		{6DB0F924-9D9F-4217-9B9B-ADAAA40D7E10}.Release|Any CPU.Build.0 = Release|Any CPU
	EndGlobalSection
	GlobalSection(SolutionProperties) = preSolution
		HideSolutionNode = FALSE
	EndGlobalSection
	GlobalSection(ExtensibilityGlobals) = postSolution
		SolutionGuid = {9B400B3A-3799-47D2-BFDF-7A83010C7E1A}
	EndGlobalSection
EndGlobal
